
Microsoft Visual Studio Solution File, Format Version 12.00
# Visual Studio Version 17
VisualStudioVersion = 17.14.36121.58 d17.14
MinimumVisualStudioVersion = 10.0.40219.1
Project("{FAE04EC0-301F-11D3-BF4B-00C04F79EFBC}") = "EmailFunctionality", "EmailFunctionality.csproj", "{EBA31F87-B2D4-4913-9E84-7E385791BA58}"
EndProject
Global
	GlobalSection(SolutionConfigurationPlatforms) = preSolution
		Debug|Any CPU = Debug|Any CPU
		Release|Any CPU = Release|Any CPU
	EndGlobalSection
	GlobalSection(ProjectConfigurationPlatforms) = postSolution
		{EBA31F87-B2D4-4913-9E84-7E385791BA58}.Debug|Any CPU.ActiveCfg = Debug|Any CPU
		{EBA31F87-B2D4-4913-9E84-7E385791BA58}.Debug|Any CPU.Build.0 = Debug|Any CPU
		{EBA31F87-B2D4-4913-9E84-7E385791BA58}.Release|Any CPU.ActiveCfg = Release|Any CPU
		{EBA31F87-B2D4-4913-9E84-7E385791BA58}.Release|Any CPU.Build.0 = Release|Any CPU
	EndGlobalSection
	GlobalSection(SolutionProperties) = preSolution
		HideSolutionNode = FALSE
	EndGlobalSection
	GlobalSection(ExtensibilityGlobals) = postSolution
		SolutionGuid = {C67C3D41-EB28-414D-A36B-F97B8569EDC1}
	EndGlobalSection
EndGlobal
